// !$*UTF8*$!
{
	archiveVersion = 1;
	classes = {
	};
	objectVersion = 46;
	objects = {

/* Begin PBXBuildFile section */
		9C519F591B10157000A8044D /* main.m in Sources */ = {isa = PBXBuildFile; fileRef = 9C519F581B10157000A8044D /* main.m */; };
		9C519F5C1B10157000A8044D /* AppDelegate.m in Sources */ = {isa = PBXBuildFile; fileRef = 9C519F5B1B10157000A8044D /* AppDelegate.m */; };
		9C519F621B10157100A8044D /* Main.storyboard in Resources */ = {isa = PBXBuildFile; fileRef = 9C519F601B10157100A8044D /* Main.storyboard */; };
		9C519F641B10157100A8044D /* Images.xcassets in Resources */ = {isa = PBXBuildFile; fileRef = 9C519F631B10157100A8044D /* Images.xcassets */; };
		9C519F671B10157100A8044D /* LaunchScreen.xib in Resources */ = {isa = PBXBuildFile; fileRef = 9C519F651B10157100A8044D /* LaunchScreen.xib */; };
		9C519F731B10157100A8044D /* CoverFlowLayoutTests.m in Sources */ = {isa = PBXBuildFile; fileRef = 9C519F721B10157100A8044D /* CoverFlowLayoutTests.m */; };
		9C519F811B101A9A00A8044D /* CollectionViewController.m in Sources */ = {isa = PBXBuildFile; fileRef = 9C519F801B101A9A00A8044D /* CollectionViewController.m */; };
/* End PBXBuildFile section */

/* Begin PBXContainerItemProxy section */
		9C519F6D1B10157100A8044D /* PBXContainerItemProxy */ = {
			isa = PBXContainerItemProxy;
			containerPortal = 9C519F4B1B10157000A8044D /* Project object */;
			proxyType = 1;
			remoteGlobalIDString = 9C519F521B10157000A8044D;
			remoteInfo = CoverFlowLayout;
		};
/* End PBXContainerItemProxy section */

/* Begin PBXFileReference section */
		9C519F531B10157000A8044D /* CoverFlowLayout.app */ = {isa = PBXFileReference; explicitFileType = wrapper.application; includeInIndex = 0; path = CoverFlowLayout.app; sourceTree = BUILT_PRODUCTS_DIR; };
		9C519F571B10157000A8044D /* Info.plist */ = {isa = PBXFileReference; lastKnownFileType = text.plist.xml; path = Info.plist; sourceTree = "<group>"; };
		9C519F581B10157000A8044D /* main.m */ = {isa = PBXFileReference; lastKnownFileType = sourcecode.c.objc; path = main.m; sourceTree = "<group>"; };
		9C519F5A1B10157000A8044D /* AppDelegate.h */ = {isa = PBXFileReference; lastKnownFileType = sourcecode.c.h; path = AppDelegate.h; sourceTree = "<group>"; };
		9C519F5B1B10157000A8044D /* AppDelegate.m */ = {isa = PBXFileReference; lastKnownFileType = sourcecode.c.objc; path = AppDelegate.m; sourceTree = "<group>"; };
		9C519F611B10157100A8044D /* Base */ = {isa = PBXFileReference; lastKnownFileType = file.storyboard; name = Base; path = Base.lproj/Main.storyboard; sourceTree = "<group>"; };
		9C519F631B10157100A8044D /* Images.xcassets */ = {isa = PBXFileReference; lastKnownFileType = folder.assetcatalog; path = Images.xcassets; sourceTree = "<group>"; };
		9C519F661B10157100A8044D /* Base */ = {isa = PBXFileReference; lastKnownFileType = file.xib; name = Base; path = Base.lproj/LaunchScreen.xib; sourceTree = "<group>"; };
		9C519F6C1B10157100A8044D /* CoverFlowLayoutTests.xctest */ = {isa = PBXFileReference; explicitFileType = wrapper.cfbundle; includeInIndex = 0; path = CoverFlowLayoutTests.xctest; sourceTree = BUILT_PRODUCTS_DIR; };
		9C519F711B10157100A8044D /* Info.plist */ = {isa = PBXFileReference; lastKnownFileType = text.plist.xml; path = Info.plist; sourceTree = "<group>"; };
		9C519F721B10157100A8044D /* CoverFlowLayoutTests.m */ = {isa = PBXFileReference; lastKnownFileType = sourcecode.c.objc; path = CoverFlowLayoutTests.m; sourceTree = "<group>"; };
		9C519F7F1B101A9A00A8044D /* CollectionViewController.h */ = {isa = PBXFileReference; fileEncoding = 4; lastKnownFileType = sourcecode.c.h; path = CollectionViewController.h; sourceTree = "<group>"; };
		9C519F801B101A9A00A8044D /* CollectionViewController.m */ = {isa = PBXFileReference; fileEncoding = 4; lastKnownFileType = sourcecode.c.objc; path = CollectionViewController.m; sourceTree = "<group>"; };
/* End PBXFileReference section */

/* Begin PBXFrameworksBuildPhase section */
		9C519F501B10157000A8044D /* Frameworks */ = {
			isa = PBXFrameworksBuildPhase;
			buildActionMask = 2147483647;
			files = (
			);
			runOnlyForDeploymentPostprocessing = 0;
		};
		9C519F691B10157100A8044D /* Frameworks */ = {
			isa = PBXFrameworksBuildPhase;
			buildActionMask = 2147483647;
			files = (
			);
			runOnlyForDeploymentPostprocessing = 0;
		};
/* End PBXFrameworksBuildPhase section */

/* Begin PBXGroup section */
		9C519F4A1B10157000A8044D = {
			isa = PBXGroup;
			children = (
				9C519F551B10157000A8044D /* CoverFlowLayout */,
				9C519F6F1B10157100A8044D /* CoverFlowLayoutTests */,
				9C519F541B10157000A8044D /* Products */,
			);
			sourceTree = "<group>";
		};
		9C519F541B10157000A8044D /* Products */ = {
			isa = PBXGroup;
			children = (
				9C519F531B10157000A8044D /* CoverFlowLayout.app */,
				9C519F6C1B10157100A8044D /* CoverFlowLayoutTests.xctest */,
			);
			name = Products;
			sourceTree = "<group>";
		};
		9C519F551B10157000A8044D /* CoverFlowLayout */ = {
			isa = PBXGroup;
			children = (
				9C519F5A1B10157000A8044D /* AppDelegate.h */,
				9C519F5B1B10157000A8044D /* AppDelegate.m */,
				9C519F601B10157100A8044D /* Main.storyboard */,
				9C519F7F1B101A9A00A8044D /* CollectionViewController.h */,
				9C519F801B101A9A00A8044D /* CollectionViewController.m */,
				9C519F631B10157100A8044D /* Images.xcassets */,
				9C519F651B10157100A8044D /* LaunchScreen.xib */,
				9C519F561B10157000A8044D /* Supporting Files */,
			);
			path = CoverFlowLayout;
			sourceTree = "<group>";
		};
		9C519F561B10157000A8044D /* Supporting Files */ = {
			isa = PBXGroup;
			children = (
				9C519F571B10157000A8044D /* Info.plist */,
				9C519F581B10157000A8044D /* main.m */,
			);
			name = "Supporting Files";
			sourceTree = "<group>";
		};
		9C519F6F1B10157100A8044D /* CoverFlowLayoutTests */ = {
			isa = PBXGroup;
			children = (
				9C519F721B10157100A8044D /* CoverFlowLayoutTests.m */,
				9C519F701B10157100A8044D /* Supporting Files */,
			);
			path = CoverFlowLayoutTests;
			sourceTree = "<group>";
		};
		9C519F701B10157100A8044D /* Supporting Files */ = {
			isa = PBXGroup;
			children = (
				9C519F711B10157100A8044D /* Info.plist */,
			);
			name = "Supporting Files";
			sourceTree = "<group>";
		};
/* End PBXGroup section */

/* Begin PBXNativeTarget section */
		9C519F521B10157000A8044D /* CoverFlowLayout */ = {
			isa = PBXNativeTarget;
			buildConfigurationList = 9C519F761B10157100A8044D /* Build configuration list for PBXNativeTarget "CoverFlowLayout" */;
			buildPhases = (
				9C519F4F1B10157000A8044D /* Sources */,
				9C519F501B10157000A8044D /* Frameworks */,
				9C519F511B10157000A8044D /* Resources */,
			);
			buildRules = (
			);
			dependencies = (
			);
			name = CoverFlowLayout;
			productName = CoverFlowLayout;
			productReference = 9C519F531B10157000A8044D /* CoverFlowLayout.app */;
			productType = "com.apple.product-type.application";
		};
		9C519F6B1B10157100A8044D /* CoverFlowLayoutTests */ = {
			isa = PBXNativeTarget;
			buildConfigurationList = 9C519F791B10157100A8044D /* Build configuration list for PBXNativeTarget "CoverFlowLayoutTests" */;
			buildPhases = (
				9C519F681B10157100A8044D /* Sources */,
				9C519F691B10157100A8044D /* Frameworks */,
				9C519F6A1B10157100A8044D /* Resources */,
			);
			buildRules = (
			);
			dependencies = (
				9C519F6E1B10157100A8044D /* PBXTargetDependency */,
			);
			name = CoverFlowLayoutTests;
			productName = CoverFlowLayoutTests;
			productReference = 9C519F6C1B10157100A8044D /* CoverFlowLayoutTests.xctest */;
			productType = "com.apple.product-type.bundle.unit-test";
		};
/* End PBXNativeTarget section */

/* Begin PBXProject section */
		9C519F4B1B10157000A8044D /* Project object */ = {
			isa = PBXProject;
			attributes = {
				LastUpgradeCheck = 0610;
				ORGANIZATIONNAME = JWANG;
				TargetAttributes = {
					9C519F521B10157000A8044D = {
						CreatedOnToolsVersion = 6.1.1;
					};
					9C519F6B1B10157100A8044D = {
						CreatedOnToolsVersion = 6.1.1;
						TestTargetID = 9C519F521B10157000A8044D;
					};
				};
			};
			buildConfigurationList = 9C519F4E1B10157000A8044D /* Build configuration list for PBXProject "CoverFlowLayout" */;
			compatibilityVersion = "Xcode 3.2";
			developmentRegion = English;
			hasScannedForEncodings = 0;
			knownRegions = (
				en,
				Base,
			);
			mainGroup = 9C519F4A1B10157000A8044D;
			productRefGroup = 9C519F541B10157000A8044D /* Products */;
			projectDirPath = "";
			projectRoot = "";
			targets = (
				9C519F521B10157000A8044D /* CoverFlowLayout */,
				9C519F6B1B10157100A8044D /* CoverFlowLayoutTests */,
			);
		};
/* End PBXProject section */

/* Begin PBXResourcesBuildPhase section */
		9C519F511B10157000A8044D /* Resources */ = {
			isa = PBXResourcesBuildPhase;
			buildActionMask = 2147483647;
			files = (
				9C519F621B10157100A8044D /* Main.storyboard in Resources */,
				9C519F671B10157100A8044D /* LaunchScreen.xib in Resources */,
				9C519F641B10157100A8044D /* Images.xcassets in Resources */,
			);
			runOnlyForDeploymentPostprocessing = 0;
		};
		9C519F6A1B10157100A8044D /* Resources */ = {
			isa = PBXResourcesBuildPhase;
			buildActionMask = 2147483647;
			files = (
			);
			runOnlyForDeploymentPostprocessing = 0;
		};
/* End PBXResourcesBuildPhase section */

/* Begin PBXSourcesBuildPhase section */
		9C519F4F1B10157000A8044D /* Sources */ = {
			isa = PBXSourcesBuildPhase;
			buildActionMask = 2147483647;
			files = (
				9C519F5C1B10157000A8044D /* AppDelegate.m in Sources */,
				9C519F591B10157000A8044D /* main.m in Sources */,
				9C519F811B101A9A00A8044D /* CollectionViewController.m in Sources */,
			);
			runOnlyForDeploymentPostprocessing = 0;
		};
		9C519F681B10157100A8044D /* Sources */ = {
			isa = PBXSourcesBuildPhase;
			buildActionMask = 2147483647;
			files = (
				9C519F731B10157100A8044D /* CoverFlowLayoutTests.m in Sources */,
			);
			runOnlyForDeploymentPostprocessing = 0;
		};
/* End PBXSourcesBuildPhase section */

/* Begin PBXTargetDependency section */
		9C519F6E1B10157100A8044D /* PBXTargetDependency */ = {
			isa = PBXTargetDependency;
			target = 9C519F521B10157000A8044D /* CoverFlowLayout */;
			targetProxy = 9C519F6D1B10157100A8044D /* PBXContainerItemProxy */;
		};
/* End PBXTargetDependency section */

/* Begin PBXVariantGroup section */
		9C519F601B10157100A8044D /* Main.storyboard */ = {
			isa = PBXVariantGroup;
			children = (
				9C519F611B10157100A8044D /* Base */,
			);
			name = Main.storyboard;
			sourceTree = "<group>";
		};
		9C519F651B10157100A8044D /* LaunchScreen.xib */ = {
			isa = PBXVariantGroup;
			children = (
				9C519F661B10157100A8044D /* Base */,
			);
			name = LaunchScreen.xib;
			sourceTree = "<group>";
		};
/* End PBXVariantGroup section */

/* Begin XCBuildConfiguration section */
		9C519F741B10157100A8044D /* Debug */ = {
			isa = XCBuildConfiguration;
			buildSettings = {
				ALWAYS_SEARCH_USER_PATHS = NO;
				CLANG_CXX_LANGUAGE_STANDARD = "gnu++0x";
				CLANG_CXX_LIBRARY = "libc++";
				CLANG_ENABLE_MODULES = YES;
				CLANG_ENABLE_OBJC_ARC = YES;
				CLANG_WARN_BOOL_CONVERSION = YES;
				CLANG_WARN_CONSTANT_CONVERSION = YES;
				CLANG_WARN_DIRECT_OBJC_ISA_USAGE = YES_ERROR;
				CLANG_WARN_EMPTY_BODY = YES;
				CLANG_WARN_ENUM_CONVERSION = YES;
				CLANG_WARN_INT_CONVERSION = YES;
				CLANG_WARN_OBJC_ROOT_CLASS = YES_ERROR;
				CLANG_WARN_UNREACHABLE_CODE = YES;
				CLANG_WARN__DUPLICATE_METHOD_MATCH = YES;
				"CODE_SIGN_IDENTITY[sdk=iphoneos*]" = "iPhone Developer";
				COPY_PHASE_STRIP = NO;
				ENABLE_STRICT_OBJC_MSGSEND = YES;
				GCC_C_LANGUAGE_STANDARD = gnu99;
				GCC_DYNAMIC_NO_PIC = NO;
				GCC_OPTIMIZATION_LEVEL = 0;
				GCC_PREPROCESSOR_DEFINITIONS = (
					"DEBUG=1",
					"$(inherited)",
				);
				GCC_SYMBOLS_PRIVATE_EXTERN = NO;
				GCC_WARN_64_TO_32_BIT_CONVERSION = YES;
				GCC_WARN_ABOUT_RETURN_TYPE = YES_ERROR;
				GCC_WARN_UNDECLARED_SELECTOR = YES;
				GCC_WARN_UNINITIALIZED_AUTOS = YES_AGGRESSIVE;
				GCC_WARN_UNUSED_FUNCTION = YES;
				GCC_WARN_UNUSED_VARIABLE = YES;
				IPHONEOS_DEPLOYMENT_TARGET = 8.1;
				MTL_ENABLE_DEBUG_INFO = YES;
				ONLY_ACTIVE_ARCH = YES;
				SDKROOT = iphoneos;
			};
			name = Debug;
		};
		9C519F751B10157100A8044D /* Release */ = {
			isa = XCBuildConfiguration;
			buildSettings = {
				ALWAYS_SEARCH_USER_PATHS = NO;
				CLANG_CXX_LANGUAGE_STANDARD = "gnu++0x";
				CLANG_CXX_LIBRARY = "libc++";
				CLANG_ENABLE_MODULES = YES;
				CLANG_ENABLE_OBJC_ARC = YES;
				CLANG_WARN_BOOL_CONVERSION = YES;
				CLANG_WARN_CONSTANT_CONVERSION = YES;
				CLANG_WARN_DIRECT_OBJC_ISA_USAGE = YES_ERROR;
				CLANG_WARN_EMPTY_BODY = YES;
				CLANG_WARN_ENUM_CONVERSION = YES;
				CLANG_WARN_INT_CONVERSION = YES;
				CLANG_WARN_OBJC_ROOT_CLASS = YES_ERROR;
				CLANG_WARN_UNREACHABLE_CODE = YES;
				CLANG_WARN__DUPLICATE_METHOD_MATCH = YES;
				"CODE_SIGN_IDENTITY[sdk=iphoneos*]" = "iPhone Developer";
				COPY_PHASE_STRIP = YES;
				ENABLE_NS_ASSERTIONS = NO;
				ENABLE_STRICT_OBJC_MSGSEND = YES;
				GCC_C_LANGUAGE_STANDARD = gnu99;
				GCC_WARN_64_TO_32_BIT_CONVERSION = YES;
				GCC_WARN_ABOUT_RETURN_TYPE = YES_ERROR;
				GCC_WARN_UNDECLARED_SELECTOR = YES;
				GCC_WARN_UNINITIALIZED_AUTOS = YES_AGGRESSIVE;
				GCC_WARN_UNUSED_FUNCTION = YES;
				GCC_WARN_UNUSED_VARIABLE = YES;
				IPHONEOS_DEPLOYMENT_TARGET = 8.1;
				MTL_ENABLE_DEBUG_INFO = NO;
				SDKROOT = iphoneos;
				VALIDATE_PRODUCT = YES;
			};
			name = Release;
		};
		9C519F771B10157100A8044D /* Debug */ = {
			isa = XCBuildConfiguration;
			buildSettings = {
				ASSETCATALOG_COMPILER_APPICON_NAME = AppIcon;
				INFOPLIST_FILE = CoverFlowLayout/Info.plist;
				LD_RUNPATH_SEARCH_PATHS = "$(inherited) @executable_path/Frameworks";
				PRODUCT_NAME = "$(TARGET_NAME)";
			};
			name = Debug;
		};
		9C519F781B10157100A8044D /* Release */ = {
			isa = XCBuildConfiguration;
			buildSettings = {
				ASSETCATALOG_COMPILER_APPICON_NAME = AppIcon;
				INFOPLIST_FILE = CoverFlowLayout/Info.plist;
				LD_RUNPATH_SEARCH_PATHS = "$(inherited) @executable_path/Frameworks";
				PRODUCT_NAME = "$(TARGET_NAME)";
			};
			name = Release;
		};
		9C519F7A1B10157100A8044D /* Debug */ = {
			isa = XCBuildConfiguration;
			buildSettings = {
				BUNDLE_LOADER = "$(TEST_HOST)";
				FRAMEWORK_SEARCH_PATHS = (
					"$(SDKROOT)/Developer/Library/Frameworks",
					"$(inherited)",
				);
				GCC_PREPROCESSOR_DEFINITIONS = (
					"DEBUG=1",
					"$(inherited)",
				);
				INFOPLIST_FILE = CoverFlowLayoutTests/Info.plist;
				LD_RUNPATH_SEARCH_PATHS = "$(inherited) @executable_path/Frameworks @loader_path/Frameworks";
				PRODUCT_NAME = "$(TARGET_NAME)";
				TEST_HOST = "$(BUILT_PRODUCTS_DIR)/CoverFlowLayout.app/CoverFlowLayout";
			};
			name = Debug;
		};
		9C519F7B1B10157100A8044D /* Release */ = {
			isa = XCBuildConfiguration;
			buildSettings = {
				BUNDLE_LOADER = "$(TEST_HOST)";
				FRAMEWORK_SEARCH_PATHS = (
					"$(SDKROOT)/Developer/Library/Frameworks",
					"$(inherited)",
				);
				INFOPLIST_FILE = CoverFlowLayoutTests/Info.plist;
				LD_RUNPATH_SEARCH_PATHS = "$(inherited) @executable_path/Frameworks @loader_path/Frameworks";
				PRODUCT_NAME = "$(TARGET_NAME)";
				TEST_HOST = "$(BUILT_PRODUCTS_DIR)/CoverFlowLayout.app/CoverFlowLayout";
			};
			name = Release;
		};
/* End XCBuildConfiguration section */

/* Begin XCConfigurationList section */
		9C519F4E1B10157000A8044D /* Build configuration list for PBXProject "CoverFlowLayout" */ = {
			isa = XCConfigurationList;
			buildConfigurations = (
				9C519F741B10157100A8044D /* Debug */,
				9C519F751B10157100A8044D /* Release */,
			);
			defaultConfigurationIsVisible = 0;
			defaultConfigurationName = Release;
		};
		9C519F761B10157100A8044D /* Build configuration list for PBXNativeTarget "CoverFlowLayout" */ = {
			isa = XCConfigurationList;
			buildConfigurations = (
				9C519F771B10157100A8044D /* Debug */,
				9C519F781B10157100A8044D /* Release */,
			);
			defaultConfigurationIsVisible = 0;
		};
		9C519F791B10157100A8044D /* Build configuration list for PBXNativeTarget "CoverFlowLayoutTests" */ = {
			isa = XCConfigurationList;
			buildConfigurations = (
				9C519F7A1B10157100A8044D /* Debug */,
				9C519F7B1B10157100A8044D /* Release */,
			);
			defaultConfigurationIsVisible = 0;
		};
/* End XCConfigurationList section */
	};
	rootObject = 9C519F4B1B10157000A8044D /* Project object */;
}
